// !$*UTF8*$!
{
	archiveVersion = 1;
	classes = {
	};
	objectVersion = 56;
	objects = {

/* Begin PBXBuildFile section */
		BD24C0DB2BBDEE7A00F09851 /* Dice_RollerApp.swift in Sources */ = {isa = PBXBuildFile; fileRef = BD24C0DA2BBDEE7A00F09851 /* Dice_RollerApp.swift */; };
		BD24C0DD2BBDEE7A00F09851 /* ContentView.swift in Sources */ = {isa = PBXBuildFile; fileRef = BD24C0DC2BBDEE7A00F09851 /* ContentView.swift */; };
		BD24C0DF2BBDEE7A00F09851 /* Item.swift in Sources */ = {isa = PBXBuildFile; fileRef = BD24C0DE2BBDEE7A00F09851 /* Item.swift */; };
		BD24C0E12BBDEE7B00F09851 /* Assets.xcassets in Resources */ = {isa = PBXBuildFile; fileRef = BD24C0E02BBDEE7B00F09851 /* Assets.xcassets */; };
		BD24C0E42BBDEE7B00F09851 /* Preview Assets.xcassets in Resources */ = {isa = PBXBuildFile; fileRef = BD24C0E32BBDEE7B00F09851 /* Preview Assets.xcassets */; };
		BD24C0EE2BBDEE7B00F09851 /* Dice_RollerTests.swift in Sources */ = {isa = PBXBuildFile; fileRef = BD24C0ED2BBDEE7B00F09851 /* Dice_RollerTests.swift */; };
		BD24C0F82BBDEE7B00F09851 /* Dice_RollerUITests.swift in Sources */ = {isa = PBXBuildFile; fileRef = BD24C0F72BBDEE7B00F09851 /* Dice_RollerUITests.swift */; };
		BD24C0FA2BBDEE7B00F09851 /* Dice_RollerUITestsLaunchTests.swift in Sources */ = {isa = PBXBuildFile; fileRef = BD24C0F92BBDEE7B00F09851 /* Dice_RollerUITestsLaunchTests.swift */; };
/* End PBXBuildFile section */

/* Begin PBXContainerItemProxy section */
		BD24C0EA2BBDEE7B00F09851 /* PBXContainerItemProxy */ = {
			isa = PBXContainerItemProxy;
			containerPortal = BD24C0CF2BBDEE7A00F09851 /* Project object */;
			proxyType = 1;
			remoteGlobalIDString = BD24C0D62BBDEE7A00F09851;
			remoteInfo = "Dice Roller";
		};
		BD24C0F42BBDEE7B00F09851 /* PBXContainerItemProxy */ = {
			isa = PBXContainerItemProxy;
			containerPortal = BD24C0CF2BBDEE7A00F09851 /* Project object */;
			proxyType = 1;
			remoteGlobalIDString = BD24C0D62BBDEE7A00F09851;
			remoteInfo = "Dice Roller";
		};
/* End PBXContainerItemProxy section */

/* Begin PBXFileReference section */
		BD24C0D72BBDEE7A00F09851 /* Dice Roller.app */ = {isa = PBXFileReference; explicitFileType = wrapper.application; includeInIndex = 0; path = "Dice Roller.app"; sourceTree = BUILT_PRODUCTS_DIR; };
		BD24C0DA2BBDEE7A00F09851 /* Dice_RollerApp.swift */ = {isa = PBXFileReference; lastKnownFileType = sourcecode.swift; path = Dice_RollerApp.swift; sourceTree = "<group>"; };
		BD24C0DC2BBDEE7A00F09851 /* ContentView.swift */ = {isa = PBXFileReference; lastKnownFileType = sourcecode.swift; path = ContentView.swift; sourceTree = "<group>"; };
		BD24C0DE2BBDEE7A00F09851 /* Item.swift */ = {isa = PBXFileReference; lastKnownFileType = sourcecode.swift; path = Item.swift; sourceTree = "<group>"; };
		BD24C0E02BBDEE7B00F09851 /* Assets.xcassets */ = {isa = PBXFileReference; lastKnownFileType = folder.assetcatalog; path = Assets.xcassets; sourceTree = "<group>"; };
		BD24C0E32BBDEE7B00F09851 /* Preview Assets.xcassets */ = {isa = PBXFileReference; lastKnownFileType = folder.assetcatalog; path = "Preview Assets.xcassets"; sourceTree = "<group>"; };
		BD24C0E92BBDEE7B00F09851 /* Dice RollerTests.xctest */ = {isa = PBXFileReference; explicitFileType = wrapper.cfbundle; includeInIndex = 0; path = "Dice RollerTests.xctest"; sourceTree = BUILT_PRODUCTS_DIR; };
		BD24C0ED2BBDEE7B00F09851 /* Dice_RollerTests.swift */ = {isa = PBXFileReference; lastKnownFileType = sourcecode.swift; path = Dice_RollerTests.swift; sourceTree = "<group>"; };
		BD24C0F32BBDEE7B00F09851 /* Dice RollerUITests.xctest */ = {isa = PBXFileReference; explicitFileType = wrapper.cfbundle; includeInIndex = 0; path = "Dice RollerUITests.xctest"; sourceTree = BUILT_PRODUCTS_DIR; };
		BD24C0F72BBDEE7B00F09851 /* Dice_RollerUITests.swift */ = {isa = PBXFileReference; lastKnownFileType = sourcecode.swift; path = Dice_RollerUITests.swift; sourceTree = "<group>"; };
		BD24C0F92BBDEE7B00F09851 /* Dice_RollerUITestsLaunchTests.swift */ = {isa = PBXFileReference; lastKnownFileType = sourcecode.swift; path = Dice_RollerUITestsLaunchTests.swift; sourceTree = "<group>"; };
/* End PBXFileReference section */

/* Begin PBXFrameworksBuildPhase section */
		BD24C0D42BBDEE7A00F09851 /* Frameworks */ = {
			isa = PBXFrameworksBuildPhase;
			buildActionMask = 2147483647;
			files = (
			);
			runOnlyForDeploymentPostprocessing = 0;
		};
		BD24C0E62BBDEE7B00F09851 /* Frameworks */ = {
			isa = PBXFrameworksBuildPhase;
			buildActionMask = 2147483647;
			files = (
			);
			runOnlyForDeploymentPostprocessing = 0;
		};
		BD24C0F02BBDEE7B00F09851 /* Frameworks */ = {
			isa = PBXFrameworksBuildPhase;
			buildActionMask = 2147483647;
			files = (
			);
			runOnlyForDeploymentPostprocessing = 0;
		};
/* End PBXFrameworksBuildPhase section */

/* Begin PBXGroup section */
		BD24C0CE2BBDEE7A00F09851 = {
			isa = PBXGroup;
			children = (
				BD24C0D92BBDEE7A00F09851 /* Dice Roller */,
				BD24C0EC2BBDEE7B00F09851 /* Dice RollerTests */,
				BD24C0F62BBDEE7B00F09851 /* Dice RollerUITests */,
				BD24C0D82BBDEE7A00F09851 /* Products */,
			);
			sourceTree = "<group>";
		};
		BD24C0D82BBDEE7A00F09851 /* Products */ = {
			isa = PBXGroup;
			children = (
				BD24C0D72BBDEE7A00F09851 /* Dice Roller.app */,
				BD24C0E92BBDEE7B00F09851 /* Dice RollerTests.xctest */,
				BD24C0F32BBDEE7B00F09851 /* Dice RollerUITests.xctest */,
			);
			name = Products;
			sourceTree = "<group>";
		};
		BD24C0D92BBDEE7A00F09851 /* Dice Roller */ = {
			isa = PBXGroup;
			children = (
				BD24C0DA2BBDEE7A00F09851 /* Dice_RollerApp.swift */,
				BD24C0DC2BBDEE7A00F09851 /* ContentView.swift */,
				BD24C0DE2BBDEE7A00F09851 /* Item.swift */,
				BD24C0E02BBDEE7B00F09851 /* Assets.xcassets */,
				BD24C0E22BBDEE7B00F09851 /* Preview Content */,
			);
			path = "Dice Roller";
			sourceTree = "<group>";
		};
		BD24C0E22BBDEE7B00F09851 /* Preview Content */ = {
			isa = PBXGroup;
			children = (
				BD24C0E32BBDEE7B00F09851 /* Preview Assets.xcassets */,
			);
			path = "Preview Content";
			sourceTree = "<group>";
		};
		BD24C0EC2BBDEE7B00F09851 /* Dice RollerTests */ = {
			isa = PBXGroup;
			children = (
				BD24C0ED2BBDEE7B00F09851 /* Dice_RollerTests.swift */,
			);
			path = "Dice RollerTests";
			sourceTree = "<group>";
		};
		BD24C0F62BBDEE7B00F09851 /* Dice RollerUITests */ = {
			isa = PBXGroup;
			children = (
				BD24C0F72BBDEE7B00F09851 /* Dice_RollerUITests.swift */,
				BD24C0F92BBDEE7B00F09851 /* Dice_RollerUITestsLaunchTests.swift */,
			);
			path = "Dice RollerUITests";
			sourceTree = "<group>";
		};
/* End PBXGroup section */

/* Begin PBXNativeTarget section */
		BD24C0D62BBDEE7A00F09851 /* Dice Roller */ = {
			isa = PBXNativeTarget;
			buildConfigurationList = BD24C0FD2BBDEE7B00F09851 /* Build configuration list for PBXNativeTarget "Dice Roller" */;
			buildPhases = (
				BD24C0D32BBDEE7A00F09851 /* Sources */,
				BD24C0D42BBDEE7A00F09851 /* Frameworks */,
				BD24C0D52BBDEE7A00F09851 /* Resources */,
			);
			buildRules = (
			);
			dependencies = (
			);
			name = "Dice Roller";
			productName = "Dice Roller";
			productReference = BD24C0D72BBDEE7A00F09851 /* Dice Roller.app */;
			productType = "com.apple.product-type.application";
		};
		BD24C0E82BBDEE7B00F09851 /* Dice RollerTests */ = {
			isa = PBXNativeTarget;
			buildConfigurationList = BD24C1002BBDEE7B00F09851 /* Build configuration list for PBXNativeTarget "Dice RollerTests" */;
			buildPhases = (
				BD24C0E52BBDEE7B00F09851 /* Sources */,
				BD24C0E62BBDEE7B00F09851 /* Frameworks */,
				BD24C0E72BBDEE7B00F09851 /* Resources */,
			);
			buildRules = (
			);
			dependencies = (
				BD24C0EB2BBDEE7B00F09851 /* PBXTargetDependency */,
			);
			name = "Dice RollerTests";
			productName = "Dice RollerTests";
			productReference = BD24C0E92BBDEE7B00F09851 /* Dice RollerTests.xctest */;
			productType = "com.apple.product-type.bundle.unit-test";
		};
		BD24C0F22BBDEE7B00F09851 /* Dice RollerUITests */ = {
			isa = PBXNativeTarget;
			buildConfigurationList = BD24C1032BBDEE7B00F09851 /* Build configuration list for PBXNativeTarget "Dice RollerUITests" */;
			buildPhases = (
				BD24C0EF2BBDEE7B00F09851 /* Sources */,
				BD24C0F02BBDEE7B00F09851 /* Frameworks */,
				BD24C0F12BBDEE7B00F09851 /* Resources */,
			);
			buildRules = (
			);
			dependencies = (
				BD24C0F52BBDEE7B00F09851 /* PBXTargetDependency */,
			);
			name = "Dice RollerUITests";
			productName = "Dice RollerUITests";
			productReference = BD24C0F32BBDEE7B00F09851 /* Dice RollerUITests.xctest */;
			productType = "com.apple.product-type.bundle.ui-testing";
		};
/* End PBXNativeTarget section */

/* Begin PBXProject section */
		BD24C0CF2BBDEE7A00F09851 /* Project object */ = {
			isa = PBXProject;
			attributes = {
				BuildIndependentTargetsInParallel = 1;
				LastSwiftUpdateCheck = 1530;
				LastUpgradeCheck = 1530;
				TargetAttributes = {
					BD24C0D62BBDEE7A00F09851 = {
						CreatedOnToolsVersion = 15.3;
					};
					BD24C0E82BBDEE7B00F09851 = {
						CreatedOnToolsVersion = 15.3;
						TestTargetID = BD24C0D62BBDEE7A00F09851;
					};
					BD24C0F22BBDEE7B00F09851 = {
						CreatedOnToolsVersion = 15.3;
						TestTargetID = BD24C0D62BBDEE7A00F09851;
					};
				};
			};
			buildConfigurationList = BD24C0D22BBDEE7A00F09851 /* Build configuration list for PBXProject "Dice Roller" */;
			compatibilityVersion = "Xcode 14.0";
			developmentRegion = en;
			hasScannedForEncodings = 0;
			knownRegions = (
				en,
				Base,
			);
			mainGroup = BD24C0CE2BBDEE7A00F09851;
			productRefGroup = BD24C0D82BBDEE7A00F09851 /* Products */;
			projectDirPath = "";
			projectRoot = "";
			targets = (
				BD24C0D62BBDEE7A00F09851 /* Dice Roller */,
				BD24C0E82BBDEE7B00F09851 /* Dice RollerTests */,
				BD24C0F22BBDEE7B00F09851 /* Dice RollerUITests */,
			);
		};
/* End PBXProject section */

/* Begin PBXResourcesBuildPhase section */
		BD24C0D52BBDEE7A00F09851 /* Resources */ = {
			isa = PBXResourcesBuildPhase;
			buildActionMask = 2147483647;
			files = (
				BD24C0E42BBDEE7B00F09851 /* Preview Assets.xcassets in Resources */,
				BD24C0E12BBDEE7B00F09851 /* Assets.xcassets in Resources */,
			);
			runOnlyForDeploymentPostprocessing = 0;
		};
		BD24C0E72BBDEE7B00F09851 /* Resources */ = {
			isa = PBXResourcesBuildPhase;
			buildActionMask = 2147483647;
			files = (
			);
			runOnlyForDeploymentPostprocessing = 0;
		};
		BD24C0F12BBDEE7B00F09851 /* Resources */ = {
			isa = PBXResourcesBuildPhase;
			buildActionMask = 2147483647;
			files = (
			);
			runOnlyForDeploymentPostprocessing = 0;
		};
/* End PBXResourcesBuildPhase section */

/* Begin PBXSourcesBuildPhase section */
		BD24C0D32BBDEE7A00F09851 /* Sources */ = {
			isa = PBXSourcesBuildPhase;
			buildActionMask = 2147483647;
			files = (
				BD24C0DD2BBDEE7A00F09851 /* ContentView.swift in Sources */,
				BD24C0DF2BBDEE7A00F09851 /* Item.swift in Sources */,
				BD24C0DB2BBDEE7A00F09851 /* Dice_RollerApp.swift in Sources */,
			);
			runOnlyForDeploymentPostprocessing = 0;
		};
		BD24C0E52BBDEE7B00F09851 /* Sources */ = {
			isa = PBXSourcesBuildPhase;
			buildActionMask = 2147483647;
			files = (
				BD24C0EE2BBDEE7B00F09851 /* Dice_RollerTests.swift in Sources */,
			);
			runOnlyForDeploymentPostprocessing = 0;
		};
		BD24C0EF2BBDEE7B00F09851 /* Sources */ = {
			isa = PBXSourcesBuildPhase;
			buildActionMask = 2147483647;
			files = (
				BD24C0F82BBDEE7B00F09851 /* Dice_RollerUITests.swift in Sources */,
				BD24C0FA2BBDEE7B00F09851 /* Dice_RollerUITestsLaunchTests.swift in Sources */,
			);
			runOnlyForDeploymentPostprocessing = 0;
		};
/* End PBXSourcesBuildPhase section */

/* Begin PBXTargetDependency section */
		BD24C0EB2BBDEE7B00F09851 /* PBXTargetDependency */ = {
			isa = PBXTargetDependency;
			target = BD24C0D62BBDEE7A00F09851 /* Dice Roller */;
			targetProxy = BD24C0EA2BBDEE7B00F09851 /* PBXContainerItemProxy */;
		};
		BD24C0F52BBDEE7B00F09851 /* PBXTargetDependency */ = {
			isa = PBXTargetDependency;
			target = BD24C0D62BBDEE7A00F09851 /* Dice Roller */;
			targetProxy = BD24C0F42BBDEE7B00F09851 /* PBXContainerItemProxy */;
		};
/* End PBXTargetDependency section */

/* Begin XCBuildConfiguration section */
		BD24C0FB2BBDEE7B00F09851 /* Debug */ = {
			isa = XCBuildConfiguration;
			buildSettings = {
				ALWAYS_SEARCH_USER_PATHS = NO;
				ASSETCATALOG_COMPILER_GENERATE_SWIFT_ASSET_SYMBOL_EXTENSIONS = YES;
				CLANG_ANALYZER_NONNULL = YES;
				CLANG_ANALYZER_NUMBER_OBJECT_CONVERSION = YES_AGGRESSIVE;
				CLANG_CXX_LANGUAGE_STANDARD = "gnu++20";
				CLANG_ENABLE_MODULES = YES;
				CLANG_ENABLE_OBJC_ARC = YES;
				CLANG_ENABLE_OBJC_WEAK = YES;
				CLANG_WARN_BLOCK_CAPTURE_AUTORELEASING = YES;
				CLANG_WARN_BOOL_CONVERSION = YES;
				CLANG_WARN_COMMA = YES;
				CLANG_WARN_CONSTANT_CONVERSION = YES;
				CLANG_WARN_DEPRECATED_OBJC_IMPLEMENTATIONS = YES;
				CLANG_WARN_DIRECT_OBJC_ISA_USAGE = YES_ERROR;
				CLANG_WARN_DOCUMENTATION_COMMENTS = YES;
				CLANG_WARN_EMPTY_BODY = YES;
				CLANG_WARN_ENUM_CONVERSION = YES;
				CLANG_WARN_INFINITE_RECURSION = YES;
				CLANG_WARN_INT_CONVERSION = YES;
				CLANG_WARN_NON_LITERAL_NULL_CONVERSION = YES;
				CLANG_WARN_OBJC_IMPLICIT_RETAIN_SELF = YES;
				CLANG_WARN_OBJC_LITERAL_CONVERSION = YES;
				CLANG_WARN_OBJC_ROOT_CLASS = YES_ERROR;
				CLANG_WARN_QUOTED_INCLUDE_IN_FRAMEWORK_HEADER = YES;
				CLANG_WARN_RANGE_LOOP_ANALYSIS = YES;
				CLANG_WARN_STRICT_PROTOTYPES = YES;
				CLANG_WARN_SUSPICIOUS_MOVE = YES;
				CLANG_WARN_UNGUARDED_AVAILABILITY = YES_AGGRESSIVE;
				CLANG_WARN_UNREACHABLE_CODE = YES;
				CLANG_WARN__DUPLICATE_METHOD_MATCH = YES;
				COPY_PHASE_STRIP = NO;
				DEBUG_INFORMATION_FORMAT = dwarf;
				ENABLE_STRICT_OBJC_MSGSEND = YES;
				ENABLE_TESTABILITY = YES;
				ENABLE_USER_SCRIPT_SANDBOXING = YES;
				GCC_C_LANGUAGE_STANDARD = gnu17;
				GCC_DYNAMIC_NO_PIC = NO;
				GCC_NO_COMMON_BLOCKS = YES;
				GCC_OPTIMIZATION_LEVEL = 0;
				GCC_PREPROCESSOR_DEFINITIONS = (
					"DEBUG=1",
					"$(inherited)",
				);
				GCC_WARN_64_TO_32_BIT_CONVERSION = YES;
				GCC_WARN_ABOUT_RETURN_TYPE = YES_ERROR;
				GCC_WARN_UNDECLARED_SELECTOR = YES;
				GCC_WARN_UNINITIALIZED_AUTOS = YES_AGGRESSIVE;
				GCC_WARN_UNUSED_FUNCTION = YES;
				GCC_WARN_UNUSED_VARIABLE = YES;
				IPHONEOS_DEPLOYMENT_TARGET = 17.4;
				LOCALIZATION_PREFERS_STRING_CATALOGS = YES;
				MTL_ENABLE_DEBUG_INFO = INCLUDE_SOURCE;
				MTL_FAST_MATH = YES;
				ONLY_ACTIVE_ARCH = YES;
				SDKROOT = iphoneos;
				SWIFT_ACTIVE_COMPILATION_CONDITIONS = "DEBUG $(inherited)";
				SWIFT_OPTIMIZATION_LEVEL = "-Onone";
			};
			name = Debug;
		};
		BD24C0FC2BBDEE7B00F09851 /* Release */ = {
			isa = XCBuildConfiguration;
			buildSettings = {
				ALWAYS_SEARCH_USER_PATHS = NO;
				ASSETCATALOG_COMPILER_GENERATE_SWIFT_ASSET_SYMBOL_EXTENSIONS = YES;
				CLANG_ANALYZER_NONNULL = YES;
				CLANG_ANALYZER_NUMBER_OBJECT_CONVERSION = YES_AGGRESSIVE;
				CLANG_CXX_LANGUAGE_STANDARD = "gnu++20";
				CLANG_ENABLE_MODULES = YES;
				CLANG_ENABLE_OBJC_ARC = YES;
				CLANG_ENABLE_OBJC_WEAK = YES;
				CLANG_WARN_BLOCK_CAPTURE_AUTORELEASING = YES;
				CLANG_WARN_BOOL_CONVERSION = YES;
				CLANG_WARN_COMMA = YES;
				CLANG_WARN_CONSTANT_CONVERSION = YES;
				CLANG_WARN_DEPRECATED_OBJC_IMPLEMENTATIONS = YES;
				CLANG_WARN_DIRECT_OBJC_ISA_USAGE = YES_ERROR;
				CLANG_WARN_DOCUMENTATION_COMMENTS = YES;
				CLANG_WARN_EMPTY_BODY = YES;
				CLANG_WARN_ENUM_CONVERSION = YES;
				CLANG_WARN_INFINITE_RECURSION = YES;
				CLANG_WARN_INT_CONVERSION = YES;
				CLANG_WARN_NON_LITERAL_NULL_CONVERSION = YES;
				CLANG_WARN_OBJC_IMPLICIT_RETAIN_SELF = YES;
				CLANG_WARN_OBJC_LITERAL_CONVERSION = YES;
				CLANG_WARN_OBJC_ROOT_CLASS = YES_ERROR;
				CLANG_WARN_QUOTED_INCLUDE_IN_FRAMEWORK_HEADER = YES;
				CLANG_WARN_RANGE_LOOP_ANALYSIS = YES;
				CLANG_WARN_STRICT_PROTOTYPES = YES;
				CLANG_WARN_SUSPICIOUS_MOVE = YES;
				CLANG_WARN_UNGUARDED_AVAILABILITY = YES_AGGRESSIVE;
				CLANG_WARN_UNREACHABLE_CODE = YES;
				CLANG_WARN__DUPLICATE_METHOD_MATCH = YES;
				COPY_PHASE_STRIP = NO;
				DEBUG_INFORMATION_FORMAT = "dwarf-with-dsym";
				ENABLE_NS_ASSERTIONS = NO;
				ENABLE_STRICT_OBJC_MSGSEND = YES;
				ENABLE_USER_SCRIPT_SANDBOXING = YES;
				GCC_C_LANGUAGE_STANDARD = gnu17;
				GCC_NO_COMMON_BLOCKS = YES;
				GCC_WARN_64_TO_32_BIT_CONVERSION = YES;
				GCC_WARN_ABOUT_RETURN_TYPE = YES_ERROR;
				GCC_WARN_UNDECLARED_SELECTOR = YES;
				GCC_WARN_UNINITIALIZED_AUTOS = YES_AGGRESSIVE;
				GCC_WARN_UNUSED_FUNCTION = YES;
				GCC_WARN_UNUSED_VARIABLE = YES;
				IPHONEOS_DEPLOYMENT_TARGET = 17.4;
				LOCALIZATION_PREFERS_STRING_CATALOGS = YES;
				MTL_ENABLE_DEBUG_INFO = NO;
				MTL_FAST_MATH = YES;
				SDKROOT = iphoneos;
				SWIFT_COMPILATION_MODE = wholemodule;
				VALIDATE_PRODUCT = YES;
			};
			name = Release;
		};
		BD24C0FE2BBDEE7B00F09851 /* Debug */ = {
			isa = XCBuildConfiguration;
			buildSettings = {
				ASSETCATALOG_COMPILER_APPICON_NAME = AppIcon;
				ASSETCATALOG_COMPILER_GLOBAL_ACCENT_COLOR_NAME = AccentColor;
				CODE_SIGN_STYLE = Automatic;
				CURRENT_PROJECT_VERSION = 1;
				DEVELOPMENT_ASSET_PATHS = "\"Dice Roller/Preview Content\"";
				ENABLE_PREVIEWS = YES;
				GENERATE_INFOPLIST_FILE = YES;
				INFOPLIST_KEY_UIApplicationSceneManifest_Generation = YES;
				INFOPLIST_KEY_UIApplicationSupportsIndirectInputEvents = YES;
				INFOPLIST_KEY_UILaunchScreen_Generation = YES;
				INFOPLIST_KEY_UISupportedInterfaceOrientations_iPad = "UIInterfaceOrientationPortrait UIInterfaceOrientationPortraitUpsideDown UIInterfaceOrientationLandscapeLeft UIInterfaceOrientationLandscapeRight";
				INFOPLIST_KEY_UISupportedInterfaceOrientations_iPhone = "UIInterfaceOrientationPortrait UIInterfaceOrientationLandscapeLeft UIInterfaceOrientationLandscapeRight";
				LD_RUNPATH_SEARCH_PATHS = (
					"$(inherited)",
					"@executable_path/Frameworks",
				);
				MARKETING_VERSION = 1.0;
				PRODUCT_BUNDLE_IDENTIFIER = "ulster.Dice-Roller";
				PRODUCT_NAME = "$(TARGET_NAME)";
				SWIFT_EMIT_LOC_STRINGS = YES;
				SWIFT_VERSION = 5.0;
				TARGETED_DEVICE_FAMILY = "1,2";
			};
			name = Debug;
		};
		BD24C0FF2BBDEE7B00F09851 /* Release */ = {
			isa = XCBuildConfiguration;
			buildSettings = {
				ASSETCATALOG_COMPILER_APPICON_NAME = AppIcon;
				ASSETCATALOG_COMPILER_GLOBAL_ACCENT_COLOR_NAME = AccentColor;
				CODE_SIGN_STYLE = Automatic;
				CURRENT_PROJECT_VERSION = 1;
				DEVELOPMENT_ASSET_PATHS = "\"Dice Roller/Preview Content\"";
				ENABLE_PREVIEWS = YES;
				GENERATE_INFOPLIST_FILE = YES;
				INFOPLIST_KEY_UIApplicationSceneManifest_Generation = YES;
				INFOPLIST_KEY_UIApplicationSupportsIndirectInputEvents = YES;
				INFOPLIST_KEY_UILaunchScreen_Generation = YES;
				INFOPLIST_KEY_UISupportedInterfaceOrientations_iPad = "UIInterfaceOrientationPortrait UIInterfaceOrientationPortraitUpsideDown UIInterfaceOrientationLandscapeLeft UIInterfaceOrientationLandscapeRight";
				INFOPLIST_KEY_UISupportedInterfaceOrientations_iPhone = "UIInterfaceOrientationPortrait UIInterfaceOrientationLandscapeLeft UIInterfaceOrientationLandscapeRight";
				LD_RUNPATH_SEARCH_PATHS = (
					"$(inherited)",
					"@executable_path/Frameworks",
				);
				MARKETING_VERSION = 1.0;
				PRODUCT_BUNDLE_IDENTIFIER = "ulster.Dice-Roller";
				PRODUCT_NAME = "$(TARGET_NAME)";
				SWIFT_EMIT_LOC_STRINGS = YES;
				SWIFT_VERSION = 5.0;
				TARGETED_DEVICE_FAMILY = "1,2";
			};
			name = Release;
		};
		BD24C1012BBDEE7B00F09851 /* Debug */ = {
			isa = XCBuildConfiguration;
			buildSettings = {
				ALWAYS_EMBED_SWIFT_STANDARD_LIBRARIES = YES;
				BUNDLE_LOADER = "$(TEST_HOST)";
				CODE_SIGN_STYLE = Automatic;
				CURRENT_PROJECT_VERSION = 1;
				GENERATE_INFOPLIST_FILE = YES;
				IPHONEOS_DEPLOYMENT_TARGET = 17.4;
				MARKETING_VERSION = 1.0;
				PRODUCT_BUNDLE_IDENTIFIER = "ulster.Dice-RollerTests";
				PRODUCT_NAME = "$(TARGET_NAME)";
				SWIFT_EMIT_LOC_STRINGS = NO;
				SWIFT_VERSION = 5.0;
				TARGETED_DEVICE_FAMILY = "1,2";
				TEST_HOST = "$(BUILT_PRODUCTS_DIR)/Dice Roller.app/$(BUNDLE_EXECUTABLE_FOLDER_PATH)/Dice Roller";
			};
			name = Debug;
		};
		BD24C1022BBDEE7B00F09851 /* Release */ = {
			isa = XCBuildConfiguration;
			buildSettings = {
				ALWAYS_EMBED_SWIFT_STANDARD_LIBRARIES = YES;
				BUNDLE_LOADER = "$(TEST_HOST)";
				CODE_SIGN_STYLE = Automatic;
				CURRENT_PROJECT_VERSION = 1;
				GENERATE_INFOPLIST_FILE = YES;
				IPHONEOS_DEPLOYMENT_TARGET = 17.4;
				MARKETING_VERSION = 1.0;
				PRODUCT_BUNDLE_IDENTIFIER = "ulster.Dice-RollerTests";
				PRODUCT_NAME = "$(TARGET_NAME)";
				SWIFT_EMIT_LOC_STRINGS = NO;
				SWIFT_VERSION = 5.0;
				TARGETED_DEVICE_FAMILY = "1,2";
				TEST_HOST = "$(BUILT_PRODUCTS_DIR)/Dice Roller.app/$(BUNDLE_EXECUTABLE_FOLDER_PATH)/Dice Roller";
			};
			name = Release;
		};
		BD24C1042BBDEE7B00F09851 /* Debug */ = {
			isa = XCBuildConfiguration;
			buildSettings = {
				ALWAYS_EMBED_SWIFT_STANDARD_LIBRARIES = YES;
				CODE_SIGN_STYLE = Automatic;
				CURRENT_PROJECT_VERSION = 1;
				GENERATE_INFOPLIST_FILE = YES;
				MARKETING_VERSION = 1.0;
				PRODUCT_BUNDLE_IDENTIFIER = "ulster.Dice-RollerUITests";
				PRODUCT_NAME = "$(TARGET_NAME)";
				SWIFT_EMIT_LOC_STRINGS = NO;
				SWIFT_VERSION = 5.0;
				TARGETED_DEVICE_FAMILY = "1,2";
				TEST_TARGET_NAME = "Dice Roller";
			};
			name = Debug;
		};
		BD24C1052BBDEE7B00F09851 /* Release */ = {
			isa = XCBuildConfiguration;
			buildSettings = {
				ALWAYS_EMBED_SWIFT_STANDARD_LIBRARIES = YES;
				CODE_SIGN_STYLE = Automatic;
				CURRENT_PROJECT_VERSION = 1;
				GENERATE_INFOPLIST_FILE = YES;
				MARKETING_VERSION = 1.0;
				PRODUCT_BUNDLE_IDENTIFIER = "ulster.Dice-RollerUITests";
				PRODUCT_NAME = "$(TARGET_NAME)";
				SWIFT_EMIT_LOC_STRINGS = NO;
				SWIFT_VERSION = 5.0;
				TARGETED_DEVICE_FAMILY = "1,2";
				TEST_TARGET_NAME = "Dice Roller";
			};
			name = Release;
		};
/* End XCBuildConfiguration section */

/* Begin XCConfigurationList section */
		BD24C0D22BBDEE7A00F09851 /* Build configuration list for PBXProject "Dice Roller" */ = {
			isa = XCConfigurationList;
			buildConfigurations = (
				BD24C0FB2BBDEE7B00F09851 /* Debug */,
				BD24C0FC2BBDEE7B00F09851 /* Release */,
			);
			defaultConfigurationIsVisible = 0;
			defaultConfigurationName = Release;
		};
		BD24C0FD2BBDEE7B00F09851 /* Build configuration list for PBXNativeTarget "Dice Roller" */ = {
			isa = XCConfigurationList;
			buildConfigurations = (
				BD24C0FE2BBDEE7B00F09851 /* Debug */,
				BD24C0FF2BBDEE7B00F09851 /* Release */,
			);
			defaultConfigurationIsVisible = 0;
			defaultConfigurationName = Release;
		};
		BD24C1002BBDEE7B00F09851 /* Build configuration list for PBXNativeTarget "Dice RollerTests" */ = {
			isa = XCConfigurationList;
			buildConfigurations = (
				BD24C1012BBDEE7B00F09851 /* Debug */,
				BD24C1022BBDEE7B00F09851 /* Release */,
			);
			defaultConfigurationIsVisible = 0;
			defaultConfigurationName = Release;
		};
		BD24C1032BBDEE7B00F09851 /* Build configuration list for PBXNativeTarget "Dice RollerUITests" */ = {
			isa = XCConfigurationList;
			buildConfigurations = (
				BD24C1042BBDEE7B00F09851 /* Debug */,
				BD24C1052BBDEE7B00F09851 /* Release */,
			);
			defaultConfigurationIsVisible = 0;
			defaultConfigurationName = Release;
		};
/* End XCConfigurationList section */
	};
	rootObject = BD24C0CF2BBDEE7A00F09851 /* Project object */;
}
